# @generated - this file is auto-generated by `mise lock` https://mise.jdx.dev/dev-tools/mise-lock.html

lockfile_version = 2

[[tools.kubectl]]
version = "1.37.0"
backend = "aqua:kubernetes/kubernetes/kubectl"
specifiers = ["latest"]

[tools.kubectl."platforms.macos-arm64"]
checksum = "sha256:583beedaebe422e71d3f1a96acef8b1fef86ea2f09a45ad01aa6c9ce287c1380"
url = "https://dl.k8s.io/v1.37.0/bin/darwin/arm64/kubectl"

[[tools.oc]]
version = "4.22.6"
backend = "http:oc"
specifiers = ["latest"]

[tools.oc."platforms.macos-arm64"]
checksum = "sha256:09bff2f82986226f919d95c7a8d3a5eeef4283907d08a66cbb7cd8be2938c485"
url = "https://mirror.openshift.com/pub/openshift-v4/clients/ocp/4.22.6/openshift-client-mac-arm64.tar.gz"

[[tools.rust]]
version = "stable"
backend = "core:rust"
specifiers = ["latest"]
